{
  "name": "url-shortener",
  "lockfileVersion": 3,
  "requires": true,
  "packages": {
    "": {
      "dependencies": {
        "svelte-cookie": "^1.0.1"
      }
    },
    "node_modules/svelte-cookie": {
      "version": "1.0.1",
      "resolved": "https://registry.npmjs.org/svelte-cookie/-/svelte-cookie-1.0.1.tgz",
      "integrity": "sha512-c4cXLMeG7vlAk3Q5axjxlppMJgeLLWd/6cCvo1wEL6ZwEueVHAP71SBRi9r5XmLYnCYr7eAqlK6NrYT/29KuKQ=="
    }
  }
}
